// !$*UTF8*$!
{
	archiveVersion = 1;
	classes = {
	};
	objectVersion = 56;
	objects = {

/* Begin PBXBuildFile section */
		2F1147562920697C00875892 /* GoogleService-Info.plist in Resources */ = {isa = PBXBuildFile; fileRef = 2F1147552920697C00875892 /* GoogleService-Info.plist */; };
		2F11475929206BC000875892 /* FirebaseAnalytics in Frameworks */ = {isa = PBXBuildFile; productRef = 2F11475829206BC000875892 /* FirebaseAnalytics */; };
		2F11475B29206BC000875892 /* FirebaseFirestore in Frameworks */ = {isa = PBXBuildFile; productRef = 2F11475A29206BC000875892 /* FirebaseFirestore */; };
		2F11475D29206BC000875892 /* FirebaseFirestoreCombine-Community in Frameworks */ = {isa = PBXBuildFile; productRef = 2F11475C29206BC000875892 /* FirebaseFirestoreCombine-Community */; };
		2F11475F29206BC000875892 /* FirebaseFirestoreSwift in Frameworks */ = {isa = PBXBuildFile; productRef = 2F11475E29206BC000875892 /* FirebaseFirestoreSwift */; };
		2F11476129206BC000875892 /* FirebaseStorage in Frameworks */ = {isa = PBXBuildFile; productRef = 2F11476029206BC000875892 /* FirebaseStorage */; };
		2F11476329206BC000875892 /* FirebaseStorageCombine-Community in Frameworks */ = {isa = PBXBuildFile; productRef = 2F11476229206BC000875892 /* FirebaseStorageCombine-Community */; };
		2F1147652920AD2A00875892 /* FirestoreModel.swift in Sources */ = {isa = PBXBuildFile; fileRef = 2F1147642920AD2A00875892 /* FirestoreModel.swift */; };
		2F1147672920B51600875892 /* FirestoreDataView.swift in Sources */ = {isa = PBXBuildFile; fileRef = 2F1147662920B51600875892 /* FirestoreDataView.swift */; };
		2F1147692920B5A000875892 /* GetFirebaseData.swift in Sources */ = {isa = PBXBuildFile; fileRef = 2F1147682920B5A000875892 /* GetFirebaseData.swift */; };
		2F790144291F6DE300A8E6D9 /* Examen_iOSApp.swift in Sources */ = {isa = PBXBuildFile; fileRef = 2F790143291F6DE300A8E6D9 /* Examen_iOSApp.swift */; };
		2F790146291F6DE300A8E6D9 /* ContentView.swift in Sources */ = {isa = PBXBuildFile; fileRef = 2F790145291F6DE300A8E6D9 /* ContentView.swift */; };
		2F790148291F6DE500A8E6D9 /* Assets.xcassets in Resources */ = {isa = PBXBuildFile; fileRef = 2F790147291F6DE500A8E6D9 /* Assets.xcassets */; };
		2F79014B291F6DE500A8E6D9 /* Preview Assets.xcassets in Resources */ = {isa = PBXBuildFile; fileRef = 2F79014A291F6DE500A8E6D9 /* Preview Assets.xcassets */; };
		2F790152291F759100A8E6D9 /* GraphicView.swift in Sources */ = {isa = PBXBuildFile; fileRef = 2F790151291F759100A8E6D9 /* GraphicView.swift */; };
		2F790154291F75D900A8E6D9 /* MainView.swift in Sources */ = {isa = PBXBuildFile; fileRef = 2F790153291F75D900A8E6D9 /* MainView.swift */; };
		2F790158291F78B100A8E6D9 /* AnswersView.swift in Sources */ = {isa = PBXBuildFile; fileRef = 2F790157291F78B100A8E6D9 /* AnswersView.swift */; };
		2F79015A291F8C7000A8E6D9 /* BlankView.swift in Sources */ = {isa = PBXBuildFile; fileRef = 2F790159291F8C7000A8E6D9 /* BlankView.swift */; };
		2F79015C291F8EE800A8E6D9 /* NewPhotoView.swift in Sources */ = {isa = PBXBuildFile; fileRef = 2F79015B291F8EE800A8E6D9 /* NewPhotoView.swift */; };
		2F790162291FA36C00A8E6D9 /* ImageView.swift in Sources */ = {isa = PBXBuildFile; fileRef = 2F790161291FA36C00A8E6D9 /* ImageView.swift */; };
		2F790164291FB3B400A8E6D9 /* NetworkManager.swift in Sources */ = {isa = PBXBuildFile; fileRef = 2F790163291FB3B400A8E6D9 /* NetworkManager.swift */; };
		2F790166291FB53000A8E6D9 /* QuestionsModel.swift in Sources */ = {isa = PBXBuildFile; fileRef = 2F790165291FB53000A8E6D9 /* QuestionsModel.swift */; };
		2FCBE65E2920C7A1004D5C9B /* ImagePicker.swift in Sources */ = {isa = PBXBuildFile; fileRef = 2FCBE65D2920C7A1004D5C9B /* ImagePicker.swift */; };
		2FCBE6602920F0E9004D5C9B /* imagenFirebase.swift in Sources */ = {isa = PBXBuildFile; fileRef = 2FCBE65F2920F0E9004D5C9B /* imagenFirebase.swift */; };
		2FCBE6622920F125004D5C9B /* Loader.swift in Sources */ = {isa = PBXBuildFile; fileRef = 2FCBE6612920F125004D5C9B /* Loader.swift */; };
/* End PBXBuildFile section */

/* Begin PBXFileReference section */
		2F1147552920697C00875892 /* GoogleService-Info.plist */ = {isa = PBXFileReference; fileEncoding = 4; lastKnownFileType = text.plist.xml; path = "GoogleService-Info.plist"; sourceTree = "<group>"; };
		2F1147642920AD2A00875892 /* FirestoreModel.swift */ = {isa = PBXFileReference; lastKnownFileType = sourcecode.swift; path = FirestoreModel.swift; sourceTree = "<group>"; };
		2F1147662920B51600875892 /* FirestoreDataView.swift */ = {isa = PBXFileReference; lastKnownFileType = sourcecode.swift; path = FirestoreDataView.swift; sourceTree = "<group>"; };
		2F1147682920B5A000875892 /* GetFirebaseData.swift */ = {isa = PBXFileReference; lastKnownFileType = sourcecode.swift; path = GetFirebaseData.swift; sourceTree = "<group>"; };
		2F790140291F6DE300A8E6D9 /* Examen_iOS.app */ = {isa = PBXFileReference; explicitFileType = wrapper.application; includeInIndex = 0; path = Examen_iOS.app; sourceTree = BUILT_PRODUCTS_DIR; };
		2F790143291F6DE300A8E6D9 /* Examen_iOSApp.swift */ = {isa = PBXFileReference; lastKnownFileType = sourcecode.swift; path = Examen_iOSApp.swift; sourceTree = "<group>"; };
		2F790145291F6DE300A8E6D9 /* ContentView.swift */ = {isa = PBXFileReference; lastKnownFileType = sourcecode.swift; path = ContentView.swift; sourceTree = "<group>"; };
		2F790147291F6DE500A8E6D9 /* Assets.xcassets */ = {isa = PBXFileReference; lastKnownFileType = folder.assetcatalog; path = Assets.xcassets; sourceTree = "<group>"; };
		2F79014A291F6DE500A8E6D9 /* Preview Assets.xcassets */ = {isa = PBXFileReference; lastKnownFileType = folder.assetcatalog; path = "Preview Assets.xcassets"; sourceTree = "<group>"; };
		2F790151291F759100A8E6D9 /* GraphicView.swift */ = {isa = PBXFileReference; lastKnownFileType = sourcecode.swift; path = GraphicView.swift; sourceTree = "<group>"; };
		2F790153291F75D900A8E6D9 /* MainView.swift */ = {isa = PBXFileReference; lastKnownFileType = sourcecode.swift; path = MainView.swift; sourceTree = "<group>"; };
		2F790157291F78B100A8E6D9 /* AnswersView.swift */ = {isa = PBXFileReference; lastKnownFileType = sourcecode.swift; path = AnswersView.swift; sourceTree = "<group>"; };
		2F790159291F8C7000A8E6D9 /* BlankView.swift */ = {isa = PBXFileReference; fileEncoding = 4; lastKnownFileType = sourcecode.swift; path = BlankView.swift; sourceTree = "<group>"; };
		2F79015B291F8EE800A8E6D9 /* NewPhotoView.swift */ = {isa = PBXFileReference; lastKnownFileType = sourcecode.swift; path = NewPhotoView.swift; sourceTree = "<group>"; };
		2F790161291FA36C00A8E6D9 /* ImageView.swift */ = {isa = PBXFileReference; lastKnownFileType = sourcecode.swift; path = ImageView.swift; sourceTree = "<group>"; };
		2F790163291FB3B400A8E6D9 /* NetworkManager.swift */ = {isa = PBXFileReference; lastKnownFileType = sourcecode.swift; path = NetworkManager.swift; sourceTree = "<group>"; };
		2F790165291FB53000A8E6D9 /* QuestionsModel.swift */ = {isa = PBXFileReference; lastKnownFileType = sourcecode.swift; path = QuestionsModel.swift; sourceTree = "<group>"; };
		2FCBE65D2920C7A1004D5C9B /* ImagePicker.swift */ = {isa = PBXFileReference; lastKnownFileType = sourcecode.swift; path = ImagePicker.swift; sourceTree = "<group>"; };
		2FCBE65F2920F0E9004D5C9B /* imagenFirebase.swift */ = {isa = PBXFileReference; lastKnownFileType = sourcecode.swift; path = imagenFirebase.swift; sourceTree = "<group>"; };
		2FCBE6612920F125004D5C9B /* Loader.swift */ = {isa = PBXFileReference; lastKnownFileType = sourcecode.swift; path = Loader.swift; sourceTree = "<group>"; };
/* End PBXFileReference section */

/* Begin PBXFrameworksBuildPhase section */
		2F79013D291F6DE300A8E6D9 /* Frameworks */ = {
			isa = PBXFrameworksBuildPhase;
			buildActionMask = 2147483647;
			files = (
				2F11475D29206BC000875892 /* FirebaseFirestoreCombine-Community in Frameworks */,
				2F11475929206BC000875892 /* FirebaseAnalytics in Frameworks */,
				2F11475B29206BC000875892 /* FirebaseFirestore in Frameworks */,
				2F11476129206BC000875892 /* FirebaseStorage in Frameworks */,
				2F11476329206BC000875892 /* FirebaseStorageCombine-Community in Frameworks */,
				2F11475F29206BC000875892 /* FirebaseFirestoreSwift in Frameworks */,
			);
			runOnlyForDeploymentPostprocessing = 0;
		};
/* End PBXFrameworksBuildPhase section */

/* Begin PBXGroup section */
		2F790137291F6DE300A8E6D9 = {
			isa = PBXGroup;
			children = (
				2F790142291F6DE300A8E6D9 /* Examen_iOS */,
				2F790141291F6DE300A8E6D9 /* Products */,
			);
			sourceTree = "<group>";
		};
		2F790141291F6DE300A8E6D9 /* Products */ = {
			isa = PBXGroup;
			children = (
				2F790140291F6DE300A8E6D9 /* Examen_iOS.app */,
			);
			name = Products;
			sourceTree = "<group>";
		};
		2F790142291F6DE300A8E6D9 /* Examen_iOS */ = {
			isa = PBXGroup;
			children = (
				2F790143291F6DE300A8E6D9 /* Examen_iOSApp.swift */,
				2F1147552920697C00875892 /* GoogleService-Info.plist */,
				2F790147291F6DE500A8E6D9 /* Assets.xcassets */,
				2F790167291FB53500A8E6D9 /* Model */,
				2F790160291F98D500A8E6D9 /* View */,
				2F79015F291F98C500A8E6D9 /* ViewModel */,
				2F790149291F6DE500A8E6D9 /* Preview Content */,
			);
			path = Examen_iOS;
			sourceTree = "<group>";
		};
		2F790149291F6DE500A8E6D9 /* Preview Content */ = {
			isa = PBXGroup;
			children = (
				2F79014A291F6DE500A8E6D9 /* Preview Assets.xcassets */,
			);
			path = "Preview Content";
			sourceTree = "<group>";
		};
		2F79015F291F98C500A8E6D9 /* ViewModel */ = {
			isa = PBXGroup;
			children = (
				2F790163291FB3B400A8E6D9 /* NetworkManager.swift */,
				2F1147682920B5A000875892 /* GetFirebaseData.swift */,
				2FCBE65D2920C7A1004D5C9B /* ImagePicker.swift */,
				2FCBE65F2920F0E9004D5C9B /* imagenFirebase.swift */,
				2FCBE6612920F125004D5C9B /* Loader.swift */,
			);
			path = ViewModel;
			sourceTree = "<group>";
		};
		2F790160291F98D500A8E6D9 /* View */ = {
			isa = PBXGroup;
			children = (
				2F790153291F75D900A8E6D9 /* MainView.swift */,
				2F790145291F6DE300A8E6D9 /* ContentView.swift */,
				2F790151291F759100A8E6D9 /* GraphicView.swift */,
				2F790157291F78B100A8E6D9 /* AnswersView.swift */,
				2F79015B291F8EE800A8E6D9 /* NewPhotoView.swift */,
				2F790159291F8C7000A8E6D9 /* BlankView.swift */,
				2F790161291FA36C00A8E6D9 /* ImageView.swift */,
				2F1147662920B51600875892 /* FirestoreDataView.swift */,
			);
			path = View;
			sourceTree = "<group>";
		};
		2F790167291FB53500A8E6D9 /* Model */ = {
			isa = PBXGroup;
			children = (
				2F790165291FB53000A8E6D9 /* QuestionsModel.swift */,
				2F1147642920AD2A00875892 /* FirestoreModel.swift */,
			);
			path = Model;
			sourceTree = "<group>";
		};
/* End PBXGroup section */

/* Begin PBXNativeTarget section */
		2F79013F291F6DE300A8E6D9 /* Examen_iOS */ = {
			isa = PBXNativeTarget;
			buildConfigurationList = 2F79014E291F6DE500A8E6D9 /* Build configuration list for PBXNativeTarget "Examen_iOS" */;
			buildPhases = (
				2F79013C291F6DE300A8E6D9 /* Sources */,
				2F79013D291F6DE300A8E6D9 /* Frameworks */,
				2F79013E291F6DE300A8E6D9 /* Resources */,
			);
			buildRules = (
			);
			dependencies = (
			);
			name = Examen_iOS;
			packageProductDependencies = (
				2F11475829206BC000875892 /* FirebaseAnalytics */,
				2F11475A29206BC000875892 /* FirebaseFirestore */,
				2F11475C29206BC000875892 /* FirebaseFirestoreCombine-Community */,
				2F11475E29206BC000875892 /* FirebaseFirestoreSwift */,
				2F11476029206BC000875892 /* FirebaseStorage */,
				2F11476229206BC000875892 /* FirebaseStorageCombine-Community */,
			);
			productName = Examen_iOS;
			productReference = 2F790140291F6DE300A8E6D9 /* Examen_iOS.app */;
			productType = "com.apple.product-type.application";
		};
/* End PBXNativeTarget section */

/* Begin PBXProject section */
		2F790138291F6DE300A8E6D9 /* Project object */ = {
			isa = PBXProject;
			attributes = {
				BuildIndependentTargetsInParallel = 1;
				LastSwiftUpdateCheck = 1410;
				LastUpgradeCheck = 1410;
				TargetAttributes = {
					2F79013F291F6DE300A8E6D9 = {
						CreatedOnToolsVersion = 14.1;
					};
				};
			};
			buildConfigurationList = 2F79013B291F6DE300A8E6D9 /* Build configuration list for PBXProject "Examen_iOS" */;
			compatibilityVersion = "Xcode 14.0";
			developmentRegion = en;
			hasScannedForEncodings = 0;
			knownRegions = (
				en,
				Base,
			);
			mainGroup = 2F790137291F6DE300A8E6D9;
			packageReferences = (
				2F11475729206BC000875892 /* XCRemoteSwiftPackageReference "firebase-ios-sdk" */,
			);
			productRefGroup = 2F790141291F6DE300A8E6D9 /* Products */;
			projectDirPath = "";
			projectRoot = "";
			targets = (
				2F79013F291F6DE300A8E6D9 /* Examen_iOS */,
			);
		};
/* End PBXProject section */

/* Begin PBXResourcesBuildPhase section */
		2F79013E291F6DE300A8E6D9 /* Resources */ = {
			isa = PBXResourcesBuildPhase;
			buildActionMask = 2147483647;
			files = (
				2F79014B291F6DE500A8E6D9 /* Preview Assets.xcassets in Resources */,
				2F790148291F6DE500A8E6D9 /* Assets.xcassets in Resources */,
				2F1147562920697C00875892 /* GoogleService-Info.plist in Resources */,
			);
			runOnlyForDeploymentPostprocessing = 0;
		};
/* End PBXResourcesBuildPhase section */

/* Begin PBXSourcesBuildPhase section */
		2F79013C291F6DE300A8E6D9 /* Sources */ = {
			isa = PBXSourcesBuildPhase;
			buildActionMask = 2147483647;
			files = (
				2F79015C291F8EE800A8E6D9 /* NewPhotoView.swift in Sources */,
				2F790146291F6DE300A8E6D9 /* ContentView.swift in Sources */,
				2F790164291FB3B400A8E6D9 /* NetworkManager.swift in Sources */,
				2F79015A291F8C7000A8E6D9 /* BlankView.swift in Sources */,
				2F790154291F75D900A8E6D9 /* MainView.swift in Sources */,
				2F790144291F6DE300A8E6D9 /* Examen_iOSApp.swift in Sources */,
				2F790152291F759100A8E6D9 /* GraphicView.swift in Sources */,
				2F1147692920B5A000875892 /* GetFirebaseData.swift in Sources */,
				2F1147672920B51600875892 /* FirestoreDataView.swift in Sources */,
				2F790166291FB53000A8E6D9 /* QuestionsModel.swift in Sources */,
				2F790162291FA36C00A8E6D9 /* ImageView.swift in Sources */,
				2FCBE65E2920C7A1004D5C9B /* ImagePicker.swift in Sources */,
				2F790158291F78B100A8E6D9 /* AnswersView.swift in Sources */,
				2FCBE6602920F0E9004D5C9B /* imagenFirebase.swift in Sources */,
				2FCBE6622920F125004D5C9B /* Loader.swift in Sources */,
				2F1147652920AD2A00875892 /* FirestoreModel.swift in Sources */,
			);
			runOnlyForDeploymentPostprocessing = 0;
		};
/* End PBXSourcesBuildPhase section */

/* Begin XCBuildConfiguration section */
		2F79014C291F6DE500A8E6D9 /* Debug */ = {
			isa = XCBuildConfiguration;
			buildSettings = {
				ALWAYS_SEARCH_USER_PATHS = NO;
				CLANG_ANALYZER_NONNULL = YES;
				CLANG_ANALYZER_NUMBER_OBJECT_CONVERSION = YES_AGGRESSIVE;
				CLANG_CXX_LANGUAGE_STANDARD = "gnu++20";
				CLANG_ENABLE_MODULES = YES;
				CLANG_ENABLE_OBJC_ARC = YES;
				CLANG_ENABLE_OBJC_WEAK = YES;
				CLANG_WARN_BLOCK_CAPTURE_AUTORELEASING = YES;
				CLANG_WARN_BOOL_CONVERSION = YES;
				CLANG_WARN_COMMA = YES;
				CLANG_WARN_CONSTANT_CONVERSION = YES;
				CLANG_WARN_DEPRECATED_OBJC_IMPLEMENTATIONS = YES;
				CLANG_WARN_DIRECT_OBJC_ISA_USAGE = YES_ERROR;
				CLANG_WARN_DOCUMENTATION_COMMENTS = YES;
				CLANG_WARN_EMPTY_BODY = YES;
				CLANG_WARN_ENUM_CONVERSION = YES;
				CLANG_WARN_INFINITE_RECURSION = YES;
				CLANG_WARN_INT_CONVERSION = YES;
				CLANG_WARN_NON_LITERAL_NULL_CONVERSION = YES;
				CLANG_WARN_OBJC_IMPLICIT_RETAIN_SELF = YES;
				CLANG_WARN_OBJC_LITERAL_CONVERSION = YES;
				CLANG_WARN_OBJC_ROOT_CLASS = YES_ERROR;
				CLANG_WARN_QUOTED_INCLUDE_IN_FRAMEWORK_HEADER = YES;
				CLANG_WARN_RANGE_LOOP_ANALYSIS = YES;
				CLANG_WARN_STRICT_PROTOTYPES = YES;
				CLANG_WARN_SUSPICIOUS_MOVE = YES;
				CLANG_WARN_UNGUARDED_AVAILABILITY = YES_AGGRESSIVE;
				CLANG_WARN_UNREACHABLE_CODE = YES;
				CLANG_WARN__DUPLICATE_METHOD_MATCH = YES;
				COPY_PHASE_STRIP = NO;
				DEBUG_INFORMATION_FORMAT = dwarf;
				ENABLE_STRICT_OBJC_MSGSEND = YES;
				ENABLE_TESTABILITY = YES;
				GCC_C_LANGUAGE_STANDARD = gnu11;
				GCC_DYNAMIC_NO_PIC = NO;
				GCC_NO_COMMON_BLOCKS = YES;
				GCC_OPTIMIZATION_LEVEL = 0;
				GCC_PREPROCESSOR_DEFINITIONS = (
					"DEBUG=1",
					"$(inherited)",
				);
				GCC_WARN_64_TO_32_BIT_CONVERSION = YES;
				GCC_WARN_ABOUT_RETURN_TYPE = YES_ERROR;
				GCC_WARN_UNDECLARED_SELECTOR = YES;
				GCC_WARN_UNINITIALIZED_AUTOS = YES_AGGRESSIVE;
				GCC_WARN_UNUSED_FUNCTION = YES;
				GCC_WARN_UNUSED_VARIABLE = YES;
				IPHONEOS_DEPLOYMENT_TARGET = 16.1;
				MTL_ENABLE_DEBUG_INFO = INCLUDE_SOURCE;
				MTL_FAST_MATH = YES;
				ONLY_ACTIVE_ARCH = YES;
				SDKROOT = iphoneos;
				SWIFT_ACTIVE_COMPILATION_CONDITIONS = DEBUG;
				SWIFT_OPTIMIZATION_LEVEL = "-Onone";
			};
			name = Debug;
		};
		2F79014D291F6DE500A8E6D9 /* Release */ = {
			isa = XCBuildConfiguration;
			buildSettings = {
				ALWAYS_SEARCH_USER_PATHS = NO;
				CLANG_ANALYZER_NONNULL = YES;
				CLANG_ANALYZER_NUMBER_OBJECT_CONVERSION = YES_AGGRESSIVE;
				CLANG_CXX_LANGUAGE_STANDARD = "gnu++20";
				CLANG_ENABLE_MODULES = YES;
				CLANG_ENABLE_OBJC_ARC = YES;
				CLANG_ENABLE_OBJC_WEAK = YES;
				CLANG_WARN_BLOCK_CAPTURE_AUTORELEASING = YES;
				CLANG_WARN_BOOL_CONVERSION = YES;
				CLANG_WARN_COMMA = YES;
				CLANG_WARN_CONSTANT_CONVERSION = YES;
				CLANG_WARN_DEPRECATED_OBJC_IMPLEMENTATIONS = YES;
				CLANG_WARN_DIRECT_OBJC_ISA_USAGE = YES_ERROR;
				CLANG_WARN_DOCUMENTATION_COMMENTS = YES;
				CLANG_WARN_EMPTY_BODY = YES;
				CLANG_WARN_ENUM_CONVERSION = YES;
				CLANG_WARN_INFINITE_RECURSION = YES;
				CLANG_WARN_INT_CONVERSION = YES;
				CLANG_WARN_NON_LITERAL_NULL_CONVERSION = YES;
				CLANG_WARN_OBJC_IMPLICIT_RETAIN_SELF = YES;
				CLANG_WARN_OBJC_LITERAL_CONVERSION = YES;
				CLANG_WARN_OBJC_ROOT_CLASS = YES_ERROR;
				CLANG_WARN_QUOTED_INCLUDE_IN_FRAMEWORK_HEADER = YES;
				CLANG_WARN_RANGE_LOOP_ANALYSIS = YES;
				CLANG_WARN_STRICT_PROTOTYPES = YES;
				CLANG_WARN_SUSPICIOUS_MOVE = YES;
				CLANG_WARN_UNGUARDED_AVAILABILITY = YES_AGGRESSIVE;
				CLANG_WARN_UNREACHABLE_CODE = YES;
				CLANG_WARN__DUPLICATE_METHOD_MATCH = YES;
				COPY_PHASE_STRIP = NO;
				DEBUG_INFORMATION_FORMAT = "dwarf-with-dsym";
				ENABLE_NS_ASSERTIONS = NO;
				ENABLE_STRICT_OBJC_MSGSEND = YES;
				GCC_C_LANGUAGE_STANDARD = gnu11;
				GCC_NO_COMMON_BLOCKS = YES;
				GCC_WARN_64_TO_32_BIT_CONVERSION = YES;
				GCC_WARN_ABOUT_RETURN_TYPE = YES_ERROR;
				GCC_WARN_UNDECLARED_SELECTOR = YES;
				GCC_WARN_UNINITIALIZED_AUTOS = YES_AGGRESSIVE;
				GCC_WARN_UNUSED_FUNCTION = YES;
				GCC_WARN_UNUSED_VARIABLE = YES;
				IPHONEOS_DEPLOYMENT_TARGET = 16.1;
				MTL_ENABLE_DEBUG_INFO = NO;
				MTL_FAST_MATH = YES;
				SDKROOT = iphoneos;
				SWIFT_COMPILATION_MODE = wholemodule;
				SWIFT_OPTIMIZATION_LEVEL = "-O";
				VALIDATE_PRODUCT = YES;
			};
			name = Release;
		};
		2F79014F291F6DE500A8E6D9 /* Debug */ = {
			isa = XCBuildConfiguration;
			buildSettings = {
				ASSETCATALOG_COMPILER_APPICON_NAME = AppIcon;
				ASSETCATALOG_COMPILER_GLOBAL_ACCENT_COLOR_NAME = AccentColor;
				CODE_SIGN_STYLE = Automatic;
				CURRENT_PROJECT_VERSION = 1;
				DEVELOPMENT_ASSET_PATHS = "\"Examen_iOS/Preview Content\"";
				DEVELOPMENT_TEAM = 9DFY7K742S;
				ENABLE_PREVIEWS = YES;
				GENERATE_INFOPLIST_FILE = YES;
				INFOPLIST_KEY_NSCameraUsageDescription = "Se utiliza cámara para tomar selfie";
				INFOPLIST_KEY_UIApplicationSceneManifest_Generation = YES;
				INFOPLIST_KEY_UIApplicationSupportsIndirectInputEvents = YES;
				INFOPLIST_KEY_UILaunchScreen_Generation = YES;
				INFOPLIST_KEY_UISupportedInterfaceOrientations_iPad = "UIInterfaceOrientationPortrait UIInterfaceOrientationPortraitUpsideDown UIInterfaceOrientationLandscapeLeft UIInterfaceOrientationLandscapeRight";
				INFOPLIST_KEY_UISupportedInterfaceOrientations_iPhone = "UIInterfaceOrientationPortrait UIInterfaceOrientationLandscapeLeft UIInterfaceOrientationLandscapeRight";
				INFOPLIST_KEY_UIUserInterfaceStyle = Light;
				IPHONEOS_DEPLOYMENT_TARGET = 16.0;
				LD_RUNPATH_SEARCH_PATHS = (
					"$(inherited)",
					"@executable_path/Frameworks",
				);
				MARKETING_VERSION = 1.0;
				PRODUCT_BUNDLE_IDENTIFIER = "com.eduardoceron.Examen-iOS";
				PRODUCT_NAME = "$(TARGET_NAME)";
				SWIFT_EMIT_LOC_STRINGS = YES;
				SWIFT_VERSION = 5.0;
				TARGETED_DEVICE_FAMILY = "1,2";
			};
			name = Debug;
		};
		2F790150291F6DE500A8E6D9 /* Release */ = {
			isa = XCBuildConfiguration;
			buildSettings = {
				ASSETCATALOG_COMPILER_APPICON_NAME = AppIcon;
				ASSETCATALOG_COMPILER_GLOBAL_ACCENT_COLOR_NAME = AccentColor;
				CODE_SIGN_STYLE = Automatic;
				CURRENT_PROJECT_VERSION = 1;
				DEVELOPMENT_ASSET_PATHS = "\"Examen_iOS/Preview Content\"";
				DEVELOPMENT_TEAM = 9DFY7K742S;
				ENABLE_PREVIEWS = YES;
				GENERATE_INFOPLIST_FILE = YES;
				INFOPLIST_KEY_NSCameraUsageDescription = "Se utiliza cámara para tomar selfie";
				INFOPLIST_KEY_UIApplicationSceneManifest_Generation = YES;
				INFOPLIST_KEY_UIApplicationSupportsIndirectInputEvents = YES;
				INFOPLIST_KEY_UILaunchScreen_Generation = YES;
				INFOPLIST_KEY_UISupportedInterfaceOrientations_iPad = "UIInterfaceOrientationPortrait UIInterfaceOrientationPortraitUpsideDown UIInterfaceOrientationLandscapeLeft UIInterfaceOrientationLandscapeRight";
				INFOPLIST_KEY_UISupportedInterfaceOrientations_iPhone = "UIInterfaceOrientationPortrait UIInterfaceOrientationLandscapeLeft UIInterfaceOrientationLandscapeRight";
				INFOPLIST_KEY_UIUserInterfaceStyle = Light;
				IPHONEOS_DEPLOYMENT_TARGET = 16.0;
				LD_RUNPATH_SEARCH_PATHS = (
					"$(inherited)",
					"@executable_path/Frameworks",
				);
				MARKETING_VERSION = 1.0;
				PRODUCT_BUNDLE_IDENTIFIER = "com.eduardoceron.Examen-iOS";
				PRODUCT_NAME = "$(TARGET_NAME)";
				SWIFT_EMIT_LOC_STRINGS = YES;
				SWIFT_VERSION = 5.0;
				TARGETED_DEVICE_FAMILY = "1,2";
			};
			name = Release;
		};
/* End XCBuildConfiguration section */

/* Begin XCConfigurationList section */
		2F79013B291F6DE300A8E6D9 /* Build configuration list for PBXProject "Examen_iOS" */ = {
			isa = XCConfigurationList;
			buildConfigurations = (
				2F79014C291F6DE500A8E6D9 /* Debug */,
				2F79014D291F6DE500A8E6D9 /* Release */,
			);
			defaultConfigurationIsVisible = 0;
			defaultConfigurationName = Release;
		};
		2F79014E291F6DE500A8E6D9 /* Build configuration list for PBXNativeTarget "Examen_iOS" */ = {
			isa = XCConfigurationList;
			buildConfigurations = (
				2F79014F291F6DE500A8E6D9 /* Debug */,
				2F790150291F6DE500A8E6D9 /* Release */,
			);
			defaultConfigurationIsVisible = 0;
			defaultConfigurationName = Release;
		};
/* End XCConfigurationList section */

/* Begin XCRemoteSwiftPackageReference section */
		2F11475729206BC000875892 /* XCRemoteSwiftPackageReference "firebase-ios-sdk" */ = {
			isa = XCRemoteSwiftPackageReference;
			repositoryURL = "https://github.com/firebase/firebase-ios-sdk";
			requirement = {
				branch = master;
				kind = branch;
			};
		};
/* End XCRemoteSwiftPackageReference section */

/* Begin XCSwiftPackageProductDependency section */
		2F11475829206BC000875892 /* FirebaseAnalytics */ = {
			isa = XCSwiftPackageProductDependency;
			package = 2F11475729206BC000875892 /* XCRemoteSwiftPackageReference "firebase-ios-sdk" */;
			productName = FirebaseAnalytics;
		};
		2F11475A29206BC000875892 /* FirebaseFirestore */ = {
			isa = XCSwiftPackageProductDependency;
			package = 2F11475729206BC000875892 /* XCRemoteSwiftPackageReference "firebase-ios-sdk" */;
			productName = FirebaseFirestore;
		};
		2F11475C29206BC000875892 /* FirebaseFirestoreCombine-Community */ = {
			isa = XCSwiftPackageProductDependency;
			package = 2F11475729206BC000875892 /* XCRemoteSwiftPackageReference "firebase-ios-sdk" */;
			productName = "FirebaseFirestoreCombine-Community";
		};
		2F11475E29206BC000875892 /* FirebaseFirestoreSwift */ = {
			isa = XCSwiftPackageProductDependency;
			package = 2F11475729206BC000875892 /* XCRemoteSwiftPackageReference "firebase-ios-sdk" */;
			productName = FirebaseFirestoreSwift;
		};
		2F11476029206BC000875892 /* FirebaseStorage */ = {
			isa = XCSwiftPackageProductDependency;
			package = 2F11475729206BC000875892 /* XCRemoteSwiftPackageReference "firebase-ios-sdk" */;
			productName = FirebaseStorage;
		};
		2F11476229206BC000875892 /* FirebaseStorageCombine-Community */ = {
			isa = XCSwiftPackageProductDependency;
			package = 2F11475729206BC000875892 /* XCRemoteSwiftPackageReference "firebase-ios-sdk" */;
			productName = "FirebaseStorageCombine-Community";
		};
/* End XCSwiftPackageProductDependency section */
	};
	rootObject = 2F790138291F6DE300A8E6D9 /* Project object */;
}
